github.com/likexian/gokit v0.25.16 h1:wwBeUIN/OdoPp6t00xTnZE8Di/+s969Bl5N2Kw6bzP8=
github.com/likexian/gokit v0.25.16/go.mod h1:Wqd4f+iifV0qxA1N3MqePJTUsmRy/lpst9/yXriDx/4=
github.com/likexian/whois v1.15.7 h1:sajjDhi2bVD71AHJhjV7jLYxN92H4AWhTwxM8hmj7c0=
github.com/likexian/whois v1.15.7/go.mod h1:kdPQtYb+7SQVftBEbCblDadUkycN7Mg1k1/Li/rwvmc=
github.com/likexian/whois-parser v1.24.21 h1:MxsrGRxDOiZIVp7q7N/yAIbKuN4QAkGjCpOtTDA5OsM=
github.com/likexian/whois-parser v1.24.21/go.mod h1:o3DUruO65Pb8WXCJCTlSVkTbwuYVrBCeoMTw2q0mxY4=
github.com/projectdiscovery/wappalyzergo v0.2.83 h1:ivMsn6JP4DEDUUe8Rs5vjm+u6hiNNZreK4KylSJ63pw=
github.com/projectdiscovery/wappalyzergo v0.2.83/go.mod h1:gMH0o5lBp65sKMwHx/tuUdOtW2RjodC6Ti+9QDsYMkY=
golang.org/x/net v0.54.0 h1:2zJIZAxAHV/OHCDTCOHAYehQzLfSXuf/5SoL/Dv6w/w=
golang.org/x/net v0.54.0/go.mod h1:Sj4oj8jK6XmHpBZU/zWHw3BV3abl4Kvi+Ut7cQcY+cQ=
golang.org/x/text v0.37.0 h1:Cqjiwd9eSg8e0QAkyCaQTNHFIIzWtidPahFWR83rTrc=
golang.org/x/text v0.37.0/go.mod h1:a5sjxXGs9hsn/AJVwuElvCAo9v8QYLzvavO5z2PiM38=
